
Microsoft Visual Studio Solution File, Format Version 12.00
# Visual Studio Version 16
VisualStudioVersion = 16.0.29519.87
MinimumVisualStudioVersion = 10.0.40219.1
Project("{888888A0-9F3D-457C-B088-3A5042F75D52}") = "SciencefairM209", "SciencefairM209.pyproj", "{FCEF68B5-3DC3-4B0B-B636-AA8B1FD7019B}"
EndProject
Global
	GlobalSection(SolutionConfigurationPlatforms) = preSolution
		Debug|Any CPU = Debug|Any CPU
		Release|Any CPU = Release|Any CPU
	EndGlobalSection
	GlobalSection(ProjectConfigurationPlatforms) = postSolution
		{FCEF68B5-3DC3-4B0B-B636-AA8B1FD7019B}.Debug|Any CPU.ActiveCfg = Debug|Any CPU
		{FCEF68B5-3DC3-4B0B-B636-AA8B1FD7019B}.Release|Any CPU.ActiveCfg = Release|Any CPU
	EndGlobalSection
	GlobalSection(SolutionProperties) = preSolution
		HideSolutionNode = FALSE
	EndGlobalSection
	GlobalSection(ExtensibilityGlobals) = postSolution
		SolutionGuid = {349DEC7D-9BDC-40B6-B771-AAB9C3CEEFD2}
	EndGlobalSection
EndGlobal
